
Microsoft Visual Studio Solution File, Format Version 12.00
# Visual Studio Version 17
VisualStudioVersion = 17.14.36203.30
MinimumVisualStudioVersion = 10.0.40219.1
Project("{FAE04EC0-301F-11D3-BF4B-00C04F79EFBC}") = "CleanArchiSoitec", "CleanArchiSoitec\CleanArchiSoitec.csproj", "{73420157-49A0-49A6-9E0C-B76F8EC2058E}"
EndProject
Project("{FAE04EC0-301F-11D3-BF4B-00C04F79EFBC}") = "Domain", "Domain\Domain.csproj", "{C609E608-C240-45D8-9BFC-CBD05DA5B050}"
EndProject
Project("{FAE04EC0-301F-11D3-BF4B-00C04F79EFBC}") = "UnitTests", "UnitTests\UnitTests.csproj", "{4C2A3852-5834-42CB-AC91-00D4BB8FBE12}"
EndProject
Project("{FAE04EC0-301F-11D3-BF4B-00C04F79EFBC}") = "CleanArchiSoitec.Infrastructure", "CleanArchiSoitec.Infrastructure\CleanArchiSoitec.Infrastructure.csproj", "{212C6ECD-8065-4433-996A-03C3B0EF4CFB}"
EndProject
Project("{FAE04EC0-301F-11D3-BF4B-00C04F79EFBC}") = "ArchUnit", "ArchUnit\ArchUnit.csproj", "{A4C0A626-278F-449E-B2FF-E788E1CE04D2}"
EndProject
Global
	GlobalSection(SolutionConfigurationPlatforms) = preSolution
		Debug|Any CPU = Debug|Any CPU
		Release|Any CPU = Release|Any CPU
	EndGlobalSection
	GlobalSection(ProjectConfigurationPlatforms) = postSolution
		{73420157-49A0-49A6-9E0C-B76F8EC2058E}.Debug|Any CPU.ActiveCfg = Debug|Any CPU
		{73420157-49A0-49A6-9E0C-B76F8EC2058E}.Debug|Any CPU.Build.0 = Debug|Any CPU
		{73420157-49A0-49A6-9E0C-B76F8EC2058E}.Release|Any CPU.ActiveCfg = Release|Any CPU
		{73420157-49A0-49A6-9E0C-B76F8EC2058E}.Release|Any CPU.Build.0 = Release|Any CPU
		{C609E608-C240-45D8-9BFC-CBD05DA5B050}.Debug|Any CPU.ActiveCfg = Debug|Any CPU
		{C609E608-C240-45D8-9BFC-CBD05DA5B050}.Debug|Any CPU.Build.0 = Debug|Any CPU
		{C609E608-C240-45D8-9BFC-CBD05DA5B050}.Release|Any CPU.ActiveCfg = Release|Any CPU
		{C609E608-C240-45D8-9BFC-CBD05DA5B050}.Release|Any CPU.Build.0 = Release|Any CPU
		{4C2A3852-5834-42CB-AC91-00D4BB8FBE12}.Debug|Any CPU.ActiveCfg = Debug|Any CPU
		{4C2A3852-5834-42CB-AC91-00D4BB8FBE12}.Debug|Any CPU.Build.0 = Debug|Any CPU
		{4C2A3852-5834-42CB-AC91-00D4BB8FBE12}.Release|Any CPU.ActiveCfg = Release|Any CPU
		{4C2A3852-5834-42CB-AC91-00D4BB8FBE12}.Release|Any CPU.Build.0 = Release|Any CPU
		{212C6ECD-8065-4433-996A-03C3B0EF4CFB}.Debug|Any CPU.ActiveCfg = Debug|Any CPU
		{212C6ECD-8065-4433-996A-03C3B0EF4CFB}.Debug|Any CPU.Build.0 = Debug|Any CPU
		{212C6ECD-8065-4433-996A-03C3B0EF4CFB}.Release|Any CPU.ActiveCfg = Release|Any CPU
		{212C6ECD-8065-4433-996A-03C3B0EF4CFB}.Release|Any CPU.Build.0 = Release|Any CPU
		{A4C0A626-278F-449E-B2FF-E788E1CE04D2}.Debug|Any CPU.ActiveCfg = Debug|Any CPU
		{A4C0A626-278F-449E-B2FF-E788E1CE04D2}.Debug|Any CPU.Build.0 = Debug|Any CPU
		{A4C0A626-278F-449E-B2FF-E788E1CE04D2}.Release|Any CPU.ActiveCfg = Release|Any CPU
		{A4C0A626-278F-449E-B2FF-E788E1CE04D2}.Release|Any CPU.Build.0 = Release|Any CPU
	EndGlobalSection
	GlobalSection(SolutionProperties) = preSolution
		HideSolutionNode = FALSE
	EndGlobalSection
	GlobalSection(ExtensibilityGlobals) = postSolution
		SolutionGuid = {E0B85A1F-3157-4DEE-80F9-06C282868FD8}
	EndGlobalSection
EndGlobal
